{
    "_meta": {
        "hash": {
            "sha256": "920d52fb87feb29e8ae542a1e43274a6e36ef9c33876c2b318d40173f1aed41a"
        },
        "pipfile-spec": 6,
        "requires": {
            "python_full_version": "3.11.6",
            "python_version": "3.11"
        },
        "sources": [
            {
                "name": "pypi",
                "url": "https://pypi.org/simple",
                "verify_ssl": true
            }
        ]
    },
    "default": {
        "antlr4-python3-runtime": {
            "hashes": [
                "sha256:168cdcec8fb9152e84a87ca6fd261b3d54c8f6358f42ab3b813b14a7193bb50b"
            ],
            "index": "pypi",
            "version": "==4.7.2"
        }
    },
    "develop": {}
}
